
Microsoft Visual Studio Solution File, Format Version 12.00
# Visual Studio Version 17
VisualStudioVersion = 17.10.34916.146
MinimumVisualStudioVersion = 10.0.40219.1
Project("{FAE04EC0-301F-11D3-BF4B-00C04F79EFBC}") = "Challenge-ASP.NET-MVC", "Challenge-ASP.NET-MVC.csproj", "{20BB07D5-A079-4AB0-BC2F-6A7AE48CED11}"
EndProject
Global
	GlobalSection(SolutionConfigurationPlatforms) = preSolution
		Debug|Any CPU = Debug|Any CPU
		Release|Any CPU = Release|Any CPU
	EndGlobalSection
	GlobalSection(ProjectConfigurationPlatforms) = postSolution
		{20BB07D5-A079-4AB0-BC2F-6A7AE48CED11}.Debug|Any CPU.ActiveCfg = Debug|Any CPU
		{20BB07D5-A079-4AB0-BC2F-6A7AE48CED11}.Debug|Any CPU.Build.0 = Debug|Any CPU
		{20BB07D5-A079-4AB0-BC2F-6A7AE48CED11}.Release|Any CPU.ActiveCfg = Release|Any CPU
		{20BB07D5-A079-4AB0-BC2F-6A7AE48CED11}.Release|Any CPU.Build.0 = Release|Any CPU
	EndGlobalSection
	GlobalSection(SolutionProperties) = preSolution
		HideSolutionNode = FALSE
	EndGlobalSection
	GlobalSection(ExtensibilityGlobals) = postSolution
		SolutionGuid = {ACDE300C-68A6-42E6-9AD4-1D803E99F5E3}
	EndGlobalSection
EndGlobal
